
Microsoft Visual Studio Solution File, Format Version 12.00
# Visual Studio Version 18
VisualStudioVersion = 18.3.11520.95
MinimumVisualStudioVersion = 10.0.40219.1
Project("{FAE04EC0-301F-11D3-BF4B-00C04F79EFBC}") = "ExpenseTracker.API", "ExpenseTracker.API.csproj", "{75C30A04-A3C9-440E-B1D2-7ED5AB8C0227}"
EndProject
Project("{FAE04EC0-301F-11D3-BF4B-00C04F79EFBC}") = "ExpenseTracker.Application", "..\ExpenseTrackerApplication\ExpenseTracker.Application.csproj", "{37C5B2A6-C82D-4675-8C3D-FD75CCCFAFBA}"
EndProject
Project("{FAE04EC0-301F-11D3-BF4B-00C04F79EFBC}") = "ExpenseTracker.Infrastructure", "..\ExpenseTrackerInfrastructure\ExpenseTracker.Infrastructure.csproj", "{34DC84B9-40B7-439C-8675-83AEB5FAB828}"
EndProject
Project("{FAE04EC0-301F-11D3-BF4B-00C04F79EFBC}") = "ExpenseTracker.Domain", "..\ExpenseTrackerDomain\ExpenseTracker.Domain.csproj", "{CD5071C8-F5E8-4B14-BEEC-36497BC89332}"
EndProject
Project("{FAE04EC0-301F-11D3-BF4B-00C04F79EFBC}") = "ExpenseTrackerApplication.Tests", "..\Tests\ExpenseTrackerApplicationTests\ExpenseTrackerApplication.Tests.csproj", "{362BE9F4-65EC-4FAE-8C28-D8FDB7E5000E}"
EndProject
Global
	GlobalSection(SolutionConfigurationPlatforms) = preSolution
		Debug|Any CPU = Debug|Any CPU
		Debug|x64 = Debug|x64
		Debug|x86 = Debug|x86
		Release|Any CPU = Release|Any CPU
		Release|x64 = Release|x64
		Release|x86 = Release|x86
	EndGlobalSection
	GlobalSection(ProjectConfigurationPlatforms) = postSolution
		{75C30A04-A3C9-440E-B1D2-7ED5AB8C0227}.Debug|Any CPU.ActiveCfg = Debug|Any CPU
		{75C30A04-A3C9-440E-B1D2-7ED5AB8C0227}.Debug|Any CPU.Build.0 = Debug|Any CPU
		{75C30A04-A3C9-440E-B1D2-7ED5AB8C0227}.Debug|x64.ActiveCfg = Debug|Any CPU
		{75C30A04-A3C9-440E-B1D2-7ED5AB8C0227}.Debug|x64.Build.0 = Debug|Any CPU
		{75C30A04-A3C9-440E-B1D2-7ED5AB8C0227}.Debug|x86.ActiveCfg = Debug|Any CPU
		{75C30A04-A3C9-440E-B1D2-7ED5AB8C0227}.Debug|x86.Build.0 = Debug|Any CPU
		{75C30A04-A3C9-440E-B1D2-7ED5AB8C0227}.Release|Any CPU.ActiveCfg = Release|Any CPU
		{75C30A04-A3C9-440E-B1D2-7ED5AB8C0227}.Release|Any CPU.Build.0 = Release|Any CPU
		{75C30A04-A3C9-440E-B1D2-7ED5AB8C0227}.Release|x64.ActiveCfg = Release|Any CPU
		{75C30A04-A3C9-440E-B1D2-7ED5AB8C0227}.Release|x64.Build.0 = Release|Any CPU
		{75C30A04-A3C9-440E-B1D2-7ED5AB8C0227}.Release|x86.ActiveCfg = Release|Any CPU
		{75C30A04-A3C9-440E-B1D2-7ED5AB8C0227}.Release|x86.Build.0 = Release|Any CPU
		{37C5B2A6-C82D-4675-8C3D-FD75CCCFAFBA}.Debug|Any CPU.ActiveCfg = Debug|Any CPU
		{37C5B2A6-C82D-4675-8C3D-FD75CCCFAFBA}.Debug|Any CPU.Build.0 = Debug|Any CPU
		{37C5B2A6-C82D-4675-8C3D-FD75CCCFAFBA}.Debug|x64.ActiveCfg = Debug|Any CPU
		{37C5B2A6-C82D-4675-8C3D-FD75CCCFAFBA}.Debug|x64.Build.0 = Debug|Any CPU
		{37C5B2A6-C82D-4675-8C3D-FD75CCCFAFBA}.Debug|x86.ActiveCfg = Debug|Any CPU
		{37C5B2A6-C82D-4675-8C3D-FD75CCCFAFBA}.Debug|x86.Build.0 = Debug|Any CPU
		{37C5B2A6-C82D-4675-8C3D-FD75CCCFAFBA}.Release|Any CPU.ActiveCfg = Release|Any CPU
		{37C5B2A6-C82D-4675-8C3D-FD75CCCFAFBA}.Release|Any CPU.Build.0 = Release|Any CPU
		{37C5B2A6-C82D-4675-8C3D-FD75CCCFAFBA}.Release|x64.ActiveCfg = Release|Any CPU
		{37C5B2A6-C82D-4675-8C3D-FD75CCCFAFBA}.Release|x64.Build.0 = Release|Any CPU
		{37C5B2A6-C82D-4675-8C3D-FD75CCCFAFBA}.Release|x86.ActiveCfg = Release|Any CPU
		{37C5B2A6-C82D-4675-8C3D-FD75CCCFAFBA}.Release|x86.Build.0 = Release|Any CPU
		{34DC84B9-40B7-439C-8675-83AEB5FAB828}.Debug|Any CPU.ActiveCfg = Debug|Any CPU
		{34DC84B9-40B7-439C-8675-83AEB5FAB828}.Debug|Any CPU.Build.0 = Debug|Any CPU
		{34DC84B9-40B7-439C-8675-83AEB5FAB828}.Debug|x64.ActiveCfg = Debug|Any CPU
		{34DC84B9-40B7-439C-8675-83AEB5FAB828}.Debug|x64.Build.0 = Debug|Any CPU
		{34DC84B9-40B7-439C-8675-83AEB5FAB828}.Debug|x86.ActiveCfg = Debug|Any CPU
		{34DC84B9-40B7-439C-8675-83AEB5FAB828}.Debug|x86.Build.0 = Debug|Any CPU
		{34DC84B9-40B7-439C-8675-83AEB5FAB828}.Release|Any CPU.ActiveCfg = Release|Any CPU
		{34DC84B9-40B7-439C-8675-83AEB5FAB828}.Release|Any CPU.Build.0 = Release|Any CPU
		{34DC84B9-40B7-439C-8675-83AEB5FAB828}.Release|x64.ActiveCfg = Release|Any CPU
		{34DC84B9-40B7-439C-8675-83AEB5FAB828}.Release|x64.Build.0 = Release|Any CPU
		{34DC84B9-40B7-439C-8675-83AEB5FAB828}.Release|x86.ActiveCfg = Release|Any CPU
		{34DC84B9-40B7-439C-8675-83AEB5FAB828}.Release|x86.Build.0 = Release|Any CPU
		{CD5071C8-F5E8-4B14-BEEC-36497BC89332}.Debug|Any CPU.ActiveCfg = Debug|Any CPU
		{CD5071C8-F5E8-4B14-BEEC-36497BC89332}.Debug|Any CPU.Build.0 = Debug|Any CPU
		{CD5071C8-F5E8-4B14-BEEC-36497BC89332}.Debug|x64.ActiveCfg = Debug|Any CPU
		{CD5071C8-F5E8-4B14-BEEC-36497BC89332}.Debug|x64.Build.0 = Debug|Any CPU
		{CD5071C8-F5E8-4B14-BEEC-36497BC89332}.Debug|x86.ActiveCfg = Debug|Any CPU
		{CD5071C8-F5E8-4B14-BEEC-36497BC89332}.Debug|x86.Build.0 = Debug|Any CPU
		{CD5071C8-F5E8-4B14-BEEC-36497BC89332}.Release|Any CPU.ActiveCfg = Release|Any CPU
		{CD5071C8-F5E8-4B14-BEEC-36497BC89332}.Release|Any CPU.Build.0 = Release|Any CPU
		{CD5071C8-F5E8-4B14-BEEC-36497BC89332}.Release|x64.ActiveCfg = Release|Any CPU
		{CD5071C8-F5E8-4B14-BEEC-36497BC89332}.Release|x64.Build.0 = Release|Any CPU
		{CD5071C8-F5E8-4B14-BEEC-36497BC89332}.Release|x86.ActiveCfg = Release|Any CPU
		{CD5071C8-F5E8-4B14-BEEC-36497BC89332}.Release|x86.Build.0 = Release|Any CPU
		{362BE9F4-65EC-4FAE-8C28-D8FDB7E5000E}.Debug|Any CPU.ActiveCfg = Debug|Any CPU
		{362BE9F4-65EC-4FAE-8C28-D8FDB7E5000E}.Debug|Any CPU.Build.0 = Debug|Any CPU
		{362BE9F4-65EC-4FAE-8C28-D8FDB7E5000E}.Debug|x64.ActiveCfg = Debug|Any CPU
		{362BE9F4-65EC-4FAE-8C28-D8FDB7E5000E}.Debug|x64.Build.0 = Debug|Any CPU
		{362BE9F4-65EC-4FAE-8C28-D8FDB7E5000E}.Debug|x86.ActiveCfg = Debug|Any CPU
		{362BE9F4-65EC-4FAE-8C28-D8FDB7E5000E}.Debug|x86.Build.0 = Debug|Any CPU
		{362BE9F4-65EC-4FAE-8C28-D8FDB7E5000E}.Release|Any CPU.ActiveCfg = Release|Any CPU
		{362BE9F4-65EC-4FAE-8C28-D8FDB7E5000E}.Release|Any CPU.Build.0 = Release|Any CPU
		{362BE9F4-65EC-4FAE-8C28-D8FDB7E5000E}.Release|x64.ActiveCfg = Release|Any CPU
		{362BE9F4-65EC-4FAE-8C28-D8FDB7E5000E}.Release|x64.Build.0 = Release|Any CPU
		{362BE9F4-65EC-4FAE-8C28-D8FDB7E5000E}.Release|x86.ActiveCfg = Release|Any CPU
		{362BE9F4-65EC-4FAE-8C28-D8FDB7E5000E}.Release|x86.Build.0 = Release|Any CPU
	EndGlobalSection
	GlobalSection(SolutionProperties) = preSolution
		HideSolutionNode = FALSE
	EndGlobalSection
	GlobalSection(ExtensibilityGlobals) = postSolution
		SolutionGuid = {F14D69BF-5AFE-495A-8E56-B152B0B171F0}
	EndGlobalSection
EndGlobal
